
Microsoft Visual Studio Solution File, Format Version 12.00
# Visual Studio Version 17
VisualStudioVersion = 17.14.36623.8
MinimumVisualStudioVersion = 10.0.40219.1
Project("{FAE04EC0-301F-11D3-BF4B-00C04F79EFBC}") = "WinFormsMovieSearchEngine", "WinFormsMovieSearchEngine\WinFormsMovieSearchEngine.csproj", "{A7B93DBD-088E-FA90-09DC-9AE2345E5D89}"
EndProject
Project("{FAE04EC0-301F-11D3-BF4B-00C04F79EFBC}") = "MSE_TestProject", "MSE_TestProject\MSE_TestProject.csproj", "{69662834-9ED1-0637-B1D7-7F26743B8E44}"
EndProject
Project("{FAE04EC0-301F-11D3-BF4B-00C04F79EFBC}") = "MSE_ClassLibrary", "MSE_ClassLibrary\MSE_ClassLibrary.csproj", "{B391D39E-F5F2-54DF-D1A2-104008D1E192}"
EndProject
Global
	GlobalSection(SolutionConfigurationPlatforms) = preSolution
		Debug|Any CPU = Debug|Any CPU
		Release|Any CPU = Release|Any CPU
	EndGlobalSection
	GlobalSection(ProjectConfigurationPlatforms) = postSolution
		{A7B93DBD-088E-FA90-09DC-9AE2345E5D89}.Debug|Any CPU.ActiveCfg = Debug|Any CPU
		{A7B93DBD-088E-FA90-09DC-9AE2345E5D89}.Debug|Any CPU.Build.0 = Debug|Any CPU
		{A7B93DBD-088E-FA90-09DC-9AE2345E5D89}.Release|Any CPU.ActiveCfg = Release|Any CPU
		{A7B93DBD-088E-FA90-09DC-9AE2345E5D89}.Release|Any CPU.Build.0 = Release|Any CPU
		{69662834-9ED1-0637-B1D7-7F26743B8E44}.Debug|Any CPU.ActiveCfg = Debug|Any CPU
		{69662834-9ED1-0637-B1D7-7F26743B8E44}.Debug|Any CPU.Build.0 = Debug|Any CPU
		{69662834-9ED1-0637-B1D7-7F26743B8E44}.Release|Any CPU.ActiveCfg = Release|Any CPU
		{69662834-9ED1-0637-B1D7-7F26743B8E44}.Release|Any CPU.Build.0 = Release|Any CPU
		{B391D39E-F5F2-54DF-D1A2-104008D1E192}.Debug|Any CPU.ActiveCfg = Debug|Any CPU
		{B391D39E-F5F2-54DF-D1A2-104008D1E192}.Debug|Any CPU.Build.0 = Debug|Any CPU
		{B391D39E-F5F2-54DF-D1A2-104008D1E192}.Release|Any CPU.ActiveCfg = Release|Any CPU
		{B391D39E-F5F2-54DF-D1A2-104008D1E192}.Release|Any CPU.Build.0 = Release|Any CPU
	EndGlobalSection
	GlobalSection(SolutionProperties) = preSolution
		HideSolutionNode = FALSE
	EndGlobalSection
	GlobalSection(ExtensibilityGlobals) = postSolution
		SolutionGuid = {206EDCA2-E857-4E8C-8A00-484C2B0106A5}
	EndGlobalSection
EndGlobal
